
Microsoft Visual Studio Solution File, Format Version 12.00
# Visual Studio Version 16
VisualStudioVersion = 16.0.29613.14
MinimumVisualStudioVersion = 10.0.40219.1
Project("{FAE04EC0-301F-11D3-BF4B-00C04F79EFBC}") = "Locator", "Lesson19\Locator.csproj", "{7A25256B-3785-41E5-B6BC-D620669D9915}"
EndProject
Project("{FAE04EC0-301F-11D3-BF4B-00C04F79EFBC}") = "ServiceLocator", "ServiceLocator\ServiceLocator.csproj", "{C5F247CD-529B-40BC-9729-CA88EED18593}"
EndProject
Project("{FAE04EC0-301F-11D3-BF4B-00C04F79EFBC}") = "Container", "UnityContainer\Container.csproj", "{76AA77D9-2A73-4CB1-817F-D74D865626C3}"
EndProject
Global
	GlobalSection(SolutionConfigurationPlatforms) = preSolution
		Debug|Any CPU = Debug|Any CPU
		Release|Any CPU = Release|Any CPU
	EndGlobalSection
	GlobalSection(ProjectConfigurationPlatforms) = postSolution
		{7A25256B-3785-41E5-B6BC-D620669D9915}.Debug|Any CPU.ActiveCfg = Debug|Any CPU
		{7A25256B-3785-41E5-B6BC-D620669D9915}.Debug|Any CPU.Build.0 = Debug|Any CPU
		{7A25256B-3785-41E5-B6BC-D620669D9915}.Release|Any CPU.ActiveCfg = Release|Any CPU
		{7A25256B-3785-41E5-B6BC-D620669D9915}.Release|Any CPU.Build.0 = Release|Any CPU
		{C5F247CD-529B-40BC-9729-CA88EED18593}.Debug|Any CPU.ActiveCfg = Debug|Any CPU
		{C5F247CD-529B-40BC-9729-CA88EED18593}.Debug|Any CPU.Build.0 = Debug|Any CPU
		{C5F247CD-529B-40BC-9729-CA88EED18593}.Release|Any CPU.ActiveCfg = Release|Any CPU
		{C5F247CD-529B-40BC-9729-CA88EED18593}.Release|Any CPU.Build.0 = Release|Any CPU
		{76AA77D9-2A73-4CB1-817F-D74D865626C3}.Debug|Any CPU.ActiveCfg = Debug|Any CPU
		{76AA77D9-2A73-4CB1-817F-D74D865626C3}.Debug|Any CPU.Build.0 = Debug|Any CPU
		{76AA77D9-2A73-4CB1-817F-D74D865626C3}.Release|Any CPU.ActiveCfg = Release|Any CPU
		{76AA77D9-2A73-4CB1-817F-D74D865626C3}.Release|Any CPU.Build.0 = Release|Any CPU
	EndGlobalSection
	GlobalSection(SolutionProperties) = preSolution
		HideSolutionNode = FALSE
	EndGlobalSection
	GlobalSection(ExtensibilityGlobals) = postSolution
		SolutionGuid = {D60233C0-A8FA-4F7B-8848-E13B9C11452C}
	EndGlobalSection
EndGlobal
