
Microsoft Visual Studio Solution File, Format Version 12.00
# Visual Studio Version 16
VisualStudioVersion = 16.0.29728.190
MinimumVisualStudioVersion = 10.0.40219.1
Project("{FAE04EC0-301F-11D3-BF4B-00C04F79EFBC}") = "Decorator", "Lesson18\Decorator.csproj", "{850F505E-F1CE-4A02-906D-F9E8736A815F}"
EndProject
Project("{FAE04EC0-301F-11D3-BF4B-00C04F79EFBC}") = "Facade", "Facade\Facade.csproj", "{BC74BD8A-0807-4DAE-9BB5-C95033FEE9E8}"
EndProject
Global
	GlobalSection(SolutionConfigurationPlatforms) = preSolution
		Debug|Any CPU = Debug|Any CPU
		Release|Any CPU = Release|Any CPU
	EndGlobalSection
	GlobalSection(ProjectConfigurationPlatforms) = postSolution
		{850F505E-F1CE-4A02-906D-F9E8736A815F}.Debug|Any CPU.ActiveCfg = Debug|Any CPU
		{850F505E-F1CE-4A02-906D-F9E8736A815F}.Debug|Any CPU.Build.0 = Debug|Any CPU
		{850F505E-F1CE-4A02-906D-F9E8736A815F}.Release|Any CPU.ActiveCfg = Release|Any CPU
		{850F505E-F1CE-4A02-906D-F9E8736A815F}.Release|Any CPU.Build.0 = Release|Any CPU
		{BC74BD8A-0807-4DAE-9BB5-C95033FEE9E8}.Debug|Any CPU.ActiveCfg = Debug|Any CPU
		{BC74BD8A-0807-4DAE-9BB5-C95033FEE9E8}.Debug|Any CPU.Build.0 = Debug|Any CPU
		{BC74BD8A-0807-4DAE-9BB5-C95033FEE9E8}.Release|Any CPU.ActiveCfg = Release|Any CPU
		{BC74BD8A-0807-4DAE-9BB5-C95033FEE9E8}.Release|Any CPU.Build.0 = Release|Any CPU
	EndGlobalSection
	GlobalSection(SolutionProperties) = preSolution
		HideSolutionNode = FALSE
	EndGlobalSection
	GlobalSection(ExtensibilityGlobals) = postSolution
		SolutionGuid = {100E341F-C6FF-4D2B-964F-3722B20519DA}
	EndGlobalSection
EndGlobal
