
Microsoft Visual Studio Solution File, Format Version 12.00
# Visual Studio Version 16
VisualStudioVersion = 16.0.29728.190
MinimumVisualStudioVersion = 10.0.40219.1
Project("{9A19103F-16F7-4668-BE54-9A1E7A4F7556}") = "Lesson20", "Lesson20\Lesson20.csproj", "{72CF60A6-367A-454D-B51C-58457E381E3E}"
EndProject
Project("{9A19103F-16F7-4668-BE54-9A1E7A4F7556}") = "CalculatorNUnit", "CalculatorNUnit\CalculatorNUnit.csproj", "{A4EAC625-C655-4B8B-8271-9D2C367617A2}"
EndProject
Global
	GlobalSection(SolutionConfigurationPlatforms) = preSolution
		Debug|Any CPU = Debug|Any CPU
		Release|Any CPU = Release|Any CPU
	EndGlobalSection
	GlobalSection(ProjectConfigurationPlatforms) = postSolution
		{72CF60A6-367A-454D-B51C-58457E381E3E}.Debug|Any CPU.ActiveCfg = Debug|Any CPU
		{72CF60A6-367A-454D-B51C-58457E381E3E}.Debug|Any CPU.Build.0 = Debug|Any CPU
		{72CF60A6-367A-454D-B51C-58457E381E3E}.Release|Any CPU.ActiveCfg = Release|Any CPU
		{72CF60A6-367A-454D-B51C-58457E381E3E}.Release|Any CPU.Build.0 = Release|Any CPU
		{A4EAC625-C655-4B8B-8271-9D2C367617A2}.Debug|Any CPU.ActiveCfg = Debug|Any CPU
		{A4EAC625-C655-4B8B-8271-9D2C367617A2}.Debug|Any CPU.Build.0 = Debug|Any CPU
		{A4EAC625-C655-4B8B-8271-9D2C367617A2}.Release|Any CPU.ActiveCfg = Release|Any CPU
		{A4EAC625-C655-4B8B-8271-9D2C367617A2}.Release|Any CPU.Build.0 = Release|Any CPU
	EndGlobalSection
	GlobalSection(SolutionProperties) = preSolution
		HideSolutionNode = FALSE
	EndGlobalSection
	GlobalSection(ExtensibilityGlobals) = postSolution
		SolutionGuid = {FDF896D3-07D4-4F59-AC3E-7B71A74B3979}
	EndGlobalSection
EndGlobal
