
Microsoft Visual Studio Solution File, Format Version 12.00
# Visual Studio Version 16
VisualStudioVersion = 16.0.29728.190
MinimumVisualStudioVersion = 10.0.40219.1
Project("{9A19103F-16F7-4668-BE54-9A1E7A4F7556}") = "MyVector", "Lesson9\MyVector.csproj", "{79E80BB5-C376-45C5-B2B0-436A7943994E}"
EndProject
Project("{9A19103F-16F7-4668-BE54-9A1E7A4F7556}") = "SCS", "SCS\SCS.csproj", "{9B54EB0D-B2D6-4A67-B5DF-BA35EB5554D8}"
EndProject
Project("{9A19103F-16F7-4668-BE54-9A1E7A4F7556}") = "CovContrCov", "CovContrCov\CovContrCov.csproj", "{B8737236-812D-4E00-969C-6A7FB9205FAF}"
EndProject
Global
	GlobalSection(SolutionConfigurationPlatforms) = preSolution
		Debug|Any CPU = Debug|Any CPU
		Release|Any CPU = Release|Any CPU
	EndGlobalSection
	GlobalSection(ProjectConfigurationPlatforms) = postSolution
		{79E80BB5-C376-45C5-B2B0-436A7943994E}.Debug|Any CPU.ActiveCfg = Debug|Any CPU
		{79E80BB5-C376-45C5-B2B0-436A7943994E}.Debug|Any CPU.Build.0 = Debug|Any CPU
		{79E80BB5-C376-45C5-B2B0-436A7943994E}.Release|Any CPU.ActiveCfg = Release|Any CPU
		{79E80BB5-C376-45C5-B2B0-436A7943994E}.Release|Any CPU.Build.0 = Release|Any CPU
		{9B54EB0D-B2D6-4A67-B5DF-BA35EB5554D8}.Debug|Any CPU.ActiveCfg = Debug|Any CPU
		{9B54EB0D-B2D6-4A67-B5DF-BA35EB5554D8}.Debug|Any CPU.Build.0 = Debug|Any CPU
		{9B54EB0D-B2D6-4A67-B5DF-BA35EB5554D8}.Release|Any CPU.ActiveCfg = Release|Any CPU
		{9B54EB0D-B2D6-4A67-B5DF-BA35EB5554D8}.Release|Any CPU.Build.0 = Release|Any CPU
		{B8737236-812D-4E00-969C-6A7FB9205FAF}.Debug|Any CPU.ActiveCfg = Debug|Any CPU
		{B8737236-812D-4E00-969C-6A7FB9205FAF}.Debug|Any CPU.Build.0 = Debug|Any CPU
		{B8737236-812D-4E00-969C-6A7FB9205FAF}.Release|Any CPU.ActiveCfg = Release|Any CPU
		{B8737236-812D-4E00-969C-6A7FB9205FAF}.Release|Any CPU.Build.0 = Release|Any CPU
	EndGlobalSection
	GlobalSection(SolutionProperties) = preSolution
		HideSolutionNode = FALSE
	EndGlobalSection
	GlobalSection(ExtensibilityGlobals) = postSolution
		SolutionGuid = {6AA4BEC5-B7F6-4E91-8526-A0686B5AF2DF}
	EndGlobalSection
EndGlobal
