
Microsoft Visual Studio Solution File, Format Version 12.00
# Visual Studio Version 16
VisualStudioVersion = 16.0.29728.190
MinimumVisualStudioVersion = 10.0.40219.1
Project("{FAE04EC0-301F-11D3-BF4B-00C04F79EFBC}") = "TestApp", "TestApp\TestApp.csproj", "{FEF215EF-B5A8-4521-8592-C04A5175D63E}"
EndProject
Global
	GlobalSection(SolutionConfigurationPlatforms) = preSolution
		Debug|Any CPU = Debug|Any CPU
		Release|Any CPU = Release|Any CPU
	EndGlobalSection
	GlobalSection(ProjectConfigurationPlatforms) = postSolution
		{FEF215EF-B5A8-4521-8592-C04A5175D63E}.Debug|Any CPU.ActiveCfg = Debug|Any CPU
		{FEF215EF-B5A8-4521-8592-C04A5175D63E}.Debug|Any CPU.Build.0 = Debug|Any CPU
		{FEF215EF-B5A8-4521-8592-C04A5175D63E}.Release|Any CPU.ActiveCfg = Release|Any CPU
		{FEF215EF-B5A8-4521-8592-C04A5175D63E}.Release|Any CPU.Build.0 = Release|Any CPU
	EndGlobalSection
	GlobalSection(SolutionProperties) = preSolution
		HideSolutionNode = FALSE
	EndGlobalSection
	GlobalSection(ExtensibilityGlobals) = postSolution
		SolutionGuid = {5C476E12-BF1B-4F40-989C-DEDA3C0875C5}
	EndGlobalSection
EndGlobal
